PODS:
  - Flutter (1.0.0)
  - flutter_umverify (0.0.1):
    - Flutter

DEPENDENCIES:
  - Flutter (from `Flutter`)
  - flutter_umverify (from `.symlinks/plugins/flutter_umverify/ios`)

EXTERNAL SOURCES:
  Flutter:
    :path: Flutter
  flutter_umverify:
    :path: ".symlinks/plugins/flutter_umverify/ios"

SPEC CHECKSUMS:
  Flutter: 50d75fe2f02b26cc09d224853bb45737f8b3214a
  flutter_umverify: a84af54c1a426e3a7a345c87c62b7694a244f56c

PODFILE CHECKSUM: bfdb634f57c4aa1d8bbbbf77731675d41d4e7d96

COCOAPODS: 1.11.2
