PODS:
  - Flutter (1.0.0)
  - flutter_umverify (0.0.1):
    - Flutter

DEPENDENCIES:
  - Flutter (from `Flutter`)
  - flutter_umverify (from `.symlinks/plugins/flutter_umverify/ios`)

EXTERNAL SOURCES:
  Flutter:
    :path: Flutter
  flutter_umverify:
    :path: ".symlinks/plugins/flutter_umverify/ios"

SPEC CHECKSUMS:
  Flutter: 0e3d915762c693b495b44d77113d4970485de6ec
  flutter_umverify: a84af54c1a426e3a7a345c87c62b7694a244f56c

PODFILE CHECKSUM: aafe91acc616949ddb318b77800a7f51bffa2a4c

COCOAPODS: 1.10.1
